
Microsoft Visual Studio Solution File, Format Version 12.00
# Visual Studio Version 17
VisualStudioVersion = 17.4.33213.308
MinimumVisualStudioVersion = 10.0.40219.1
Project("{9A19103F-16F7-4668-BE54-9A1E7A4F7556}") = "ConsoleSelenium", "ConsoleSelenium.csproj", "{E64925CE-FA51-467D-A359-9A28149C5BD5}"
EndProject
Global
	GlobalSection(SolutionConfigurationPlatforms) = preSolution
		Debug|Any CPU = Debug|Any CPU
		Release|Any CPU = Release|Any CPU
	EndGlobalSection
	GlobalSection(ProjectConfigurationPlatforms) = postSolution
		{E64925CE-FA51-467D-A359-9A28149C5BD5}.Debug|Any CPU.ActiveCfg = Debug|Any CPU
		{E64925CE-FA51-467D-A359-9A28149C5BD5}.Debug|Any CPU.Build.0 = Debug|Any CPU
		{E64925CE-FA51-467D-A359-9A28149C5BD5}.Release|Any CPU.ActiveCfg = Release|Any CPU
		{E64925CE-FA51-467D-A359-9A28149C5BD5}.Release|Any CPU.Build.0 = Release|Any CPU
	EndGlobalSection
	GlobalSection(SolutionProperties) = preSolution
		HideSolutionNode = FALSE
	EndGlobalSection
	GlobalSection(ExtensibilityGlobals) = postSolution
		SolutionGuid = {7BEF4DC3-945E-4BF7-8E26-6DF934D991B2}
	EndGlobalSection
EndGlobal
